
Microsoft Visual Studio Solution File, Format Version 12.00
# Visual Studio 14
VisualStudioVersion = 14.0.25420.1
MinimumVisualStudioVersion = 10.0.40219.1
Project("{FAE04EC0-301F-11D3-BF4B-00C04F79EFBC}") = "ConsoleApplication1", "ConsoleApplication1\ConsoleApplication1.csproj", "{BAAD6B0F-CD00-46B6-9906-6BBE524DB98E}"
EndProject
Global
	GlobalSection(SolutionConfigurationPlatforms) = preSolution
		Debug|Any CPU = Debug|Any CPU
		Release|Any CPU = Release|Any CPU
	EndGlobalSection
	GlobalSection(ProjectConfigurationPlatforms) = postSolution
		{BAAD6B0F-CD00-46B6-9906-6BBE524DB98E}.Debug|Any CPU.ActiveCfg = Debug|Any CPU
		{BAAD6B0F-CD00-46B6-9906-6BBE524DB98E}.Debug|Any CPU.Build.0 = Debug|Any CPU
		{BAAD6B0F-CD00-46B6-9906-6BBE524DB98E}.Release|Any CPU.ActiveCfg = Release|Any CPU
		{BAAD6B0F-CD00-46B6-9906-6BBE524DB98E}.Release|Any CPU.Build.0 = Release|Any CPU
	EndGlobalSection
	GlobalSection(SolutionProperties) = preSolution
		HideSolutionNode = FALSE
	EndGlobalSection
EndGlobal
